// !$*UTF8*$!
{
	archiveVersion = 1;
	classes = {
	};
	objectVersion = 46;
	objects = {

/* Begin PBXBuildFile section */
		D8592F451EE3A50500FA4C9A /* tinyfiledialogs.c in Sources */ = {isa = PBXBuildFile; fileRef = D8592F391EE39A3200FA4C9A /* tinyfiledialogs.c */; };
/* End PBXBuildFile section */

/* Begin PBXFileReference section */
		D8592F391EE39A3200FA4C9A /* tinyfiledialogs.c */ = {isa = PBXFileReference; lastKnownFileType = sourcecode.c.c; name = tinyfiledialogs.c; path = tinyfiledialogs/tinyfiledialogs.c; sourceTree = "<group>"; };
		D8592F3F1EE3A4FE00FA4C9A /* tinyfiledialogs.bundle */ = {isa = PBXFileReference; explicitFileType = wrapper.cfbundle; includeInIndex = 0; path = tinyfiledialogs.bundle; sourceTree = BUILT_PRODUCTS_DIR; };
		D8592F411EE3A4FE00FA4C9A /* Info.plist */ = {isa = PBXFileReference; lastKnownFileType = text.plist.xml; path = Info.plist; sourceTree = "<group>"; };
/* End PBXFileReference section */

/* Begin PBXFrameworksBuildPhase section */
		D8592F3C1EE3A4FE00FA4C9A /* Frameworks */ = {
			isa = PBXFrameworksBuildPhase;
			buildActionMask = 2147483647;
			files = (
			);
			runOnlyForDeploymentPostprocessing = 0;
		};
/* End PBXFrameworksBuildPhase section */

/* Begin PBXGroup section */
		D8592F211EE3999800FA4C9A = {
			isa = PBXGroup;
			children = (
				D8592F391EE39A3200FA4C9A /* tinyfiledialogs.c */,
				D8592F401EE3A4FE00FA4C9A /* tinyfiledialogs */,
				D8592F2B1EE3999900FA4C9A /* Products */,
			);
			sourceTree = "<group>";
		};
		D8592F2B1EE3999900FA4C9A /* Products */ = {
			isa = PBXGroup;
			children = (
				D8592F3F1EE3A4FE00FA4C9A /* tinyfiledialogs.bundle */,
			);
			name = Products;
			sourceTree = "<group>";
		};
		D8592F401EE3A4FE00FA4C9A /* tinyfiledialogs */ = {
			isa = PBXGroup;
			children = (
				D8592F411EE3A4FE00FA4C9A /* Info.plist */,
			);
			path = tinyfiledialogs;
			sourceTree = "<group>";
		};
/* End PBXGroup section */

/* Begin PBXNativeTarget section */
		D8592F3E1EE3A4FE00FA4C9A /* tinyfiledialogs */ = {
			isa = PBXNativeTarget;
			buildConfigurationList = D8592F421EE3A4FE00FA4C9A /* Build configuration list for PBXNativeTarget "tinyfiledialogs" */;
			buildPhases = (
				D8592F3B1EE3A4FE00FA4C9A /* Sources */,
				D8592F3C1EE3A4FE00FA4C9A /* Frameworks */,
				D8592F3D1EE3A4FE00FA4C9A /* Resources */,
			);
			buildRules = (
			);
			dependencies = (
			);
			name = tinyfiledialogs;
			productName = tinyfiledialogs;
			productReference = D8592F3F1EE3A4FE00FA4C9A /* tinyfiledialogs.bundle */;
			productType = "com.apple.product-type.bundle";
		};
/* End PBXNativeTarget section */

/* Begin PBXProject section */
		D8592F221EE3999800FA4C9A /* Project object */ = {
			isa = PBXProject;
			attributes = {
				LastUpgradeCheck = 0820;
				ORGANIZATIONNAME = gradientspace;
				TargetAttributes = {
					D8592F3E1EE3A4FE00FA4C9A = {
						CreatedOnToolsVersion = 8.2.1;
						ProvisioningStyle = Automatic;
					};
				};
			};
			buildConfigurationList = D8592F251EE3999800FA4C9A /* Build configuration list for PBXProject "UnityPlatformTools" */;
			compatibilityVersion = "Xcode 3.2";
			developmentRegion = English;
			hasScannedForEncodings = 0;
			knownRegions = (
				en,
			);
			mainGroup = D8592F211EE3999800FA4C9A;
			productRefGroup = D8592F2B1EE3999900FA4C9A /* Products */;
			projectDirPath = "";
			projectRoot = "";
			targets = (
				D8592F3E1EE3A4FE00FA4C9A /* tinyfiledialogs */,
			);
		};
/* End PBXProject section */

/* Begin PBXResourcesBuildPhase section */
		D8592F3D1EE3A4FE00FA4C9A /* Resources */ = {
			isa = PBXResourcesBuildPhase;
			buildActionMask = 2147483647;
			files = (
			);
			runOnlyForDeploymentPostprocessing = 0;
		};
/* End PBXResourcesBuildPhase section */

/* Begin PBXSourcesBuildPhase section */
		D8592F3B1EE3A4FE00FA4C9A /* Sources */ = {
			isa = PBXSourcesBuildPhase;
			buildActionMask = 2147483647;
			files = (
				D8592F451EE3A50500FA4C9A /* tinyfiledialogs.c in Sources */,
			);
			runOnlyForDeploymentPostprocessing = 0;
		};
/* End PBXSourcesBuildPhase section */

/* Begin XCBuildConfiguration section */
		D8592F2C1EE3999900FA4C9A /* Debug */ = {
			isa = XCBuildConfiguration;
			buildSettings = {
				ALWAYS_SEARCH_USER_PATHS = NO;
				CLANG_ANALYZER_NONNULL = YES;
				CLANG_CXX_LANGUAGE_STANDARD = "gnu++0x";
				CLANG_CXX_LIBRARY = "libc++";
				CLANG_ENABLE_MODULES = YES;
				CLANG_ENABLE_OBJC_ARC = YES;
				CLANG_WARN_BOOL_CONVERSION = YES;
				CLANG_WARN_CONSTANT_CONVERSION = YES;
				CLANG_WARN_DIRECT_OBJC_ISA_USAGE = YES_ERROR;
				CLANG_WARN_DOCUMENTATION_COMMENTS = YES;
				CLANG_WARN_EMPTY_BODY = YES;
				CLANG_WARN_ENUM_CONVERSION = YES;
				CLANG_WARN_INFINITE_RECURSION = YES;
				CLANG_WARN_INT_CONVERSION = YES;
				CLANG_WARN_OBJC_ROOT_CLASS = YES_ERROR;
				CLANG_WARN_SUSPICIOUS_MOVE = YES;
				CLANG_WARN_UNREACHABLE_CODE = YES;
				CLANG_WARN__DUPLICATE_METHOD_MATCH = YES;
				CODE_SIGN_IDENTITY = "-";
				COPY_PHASE_STRIP = NO;
				DEBUG_INFORMATION_FORMAT = dwarf;
				ENABLE_STRICT_OBJC_MSGSEND = YES;
				ENABLE_TESTABILITY = YES;
				GCC_C_LANGUAGE_STANDARD = gnu99;
				GCC_DYNAMIC_NO_PIC = NO;
				GCC_NO_COMMON_BLOCKS = YES;
				GCC_OPTIMIZATION_LEVEL = 0;
				GCC_PREPROCESSOR_DEFINITIONS = (
					"DEBUG=1",
					"$(inherited)",
				);
				GCC_WARN_64_TO_32_BIT_CONVERSION = YES;
				GCC_WARN_ABOUT_RETURN_TYPE = YES_ERROR;
				GCC_WARN_UNDECLARED_SELECTOR = YES;
				GCC_WARN_UNINITIALIZED_AUTOS = YES_AGGRESSIVE;
				GCC_WARN_UNUSED_FUNCTION = YES;
				GCC_WARN_UNUSED_VARIABLE = YES;
				MACOSX_DEPLOYMENT_TARGET = 10.11;
				MTL_ENABLE_DEBUG_INFO = YES;
				ONLY_ACTIVE_ARCH = YES;
				SDKROOT = macosx;
			};
			name = Debug;
		};
		D8592F2D1EE3999900FA4C9A /* Release */ = {
			isa = XCBuildConfiguration;
			buildSettings = {
				ALWAYS_SEARCH_USER_PATHS = NO;
				CLANG_ANALYZER_NONNULL = YES;
				CLANG_CXX_LANGUAGE_STANDARD = "gnu++0x";
				CLANG_CXX_LIBRARY = "libc++";
				CLANG_ENABLE_MODULES = YES;
				CLANG_ENABLE_OBJC_ARC = YES;
				CLANG_WARN_BOOL_CONVERSION = YES;
				CLANG_WARN_CONSTANT_CONVERSION = YES;
				CLANG_WARN_DIRECT_OBJC_ISA_USAGE = YES_ERROR;
				CLANG_WARN_DOCUMENTATION_COMMENTS = YES;
				CLANG_WARN_EMPTY_BODY = YES;
				CLANG_WARN_ENUM_CONVERSION = YES;
				CLANG_WARN_INFINITE_RECURSION = YES;
				CLANG_WARN_INT_CONVERSION = YES;
				CLANG_WARN_OBJC_ROOT_CLASS = YES_ERROR;
				CLANG_WARN_SUSPICIOUS_MOVE = YES;
				CLANG_WARN_UNREACHABLE_CODE = YES;
				CLANG_WARN__DUPLICATE_METHOD_MATCH = YES;
				CODE_SIGN_IDENTITY = "-";
				COPY_PHASE_STRIP = NO;
				DEBUG_INFORMATION_FORMAT = "dwarf-with-dsym";
				ENABLE_NS_ASSERTIONS = NO;
				ENABLE_STRICT_OBJC_MSGSEND = YES;
				GCC_C_LANGUAGE_STANDARD = gnu99;
				GCC_NO_COMMON_BLOCKS = YES;
				GCC_WARN_64_TO_32_BIT_CONVERSION = YES;
				GCC_WARN_ABOUT_RETURN_TYPE = YES_ERROR;
				GCC_WARN_UNDECLARED_SELECTOR = YES;
				GCC_WARN_UNINITIALIZED_AUTOS = YES_AGGRESSIVE;
				GCC_WARN_UNUSED_FUNCTION = YES;
				GCC_WARN_UNUSED_VARIABLE = YES;
				MACOSX_DEPLOYMENT_TARGET = 10.11;
				MTL_ENABLE_DEBUG_INFO = NO;
				SDKROOT = macosx;
			};
			name = Release;
		};
		D8592F431EE3A4FE00FA4C9A /* Debug */ = {
			isa = XCBuildConfiguration;
			buildSettings = {
				COMBINE_HIDPI_IMAGES = YES;
				INFOPLIST_FILE = tinyfiledialogs/Info.plist;
				INSTALL_PATH = "$(LOCAL_LIBRARY_DIR)/Bundles";
				PRODUCT_BUNDLE_IDENTIFIER = com.gradientspace.tinyfiledialogs;
				PRODUCT_NAME = "$(TARGET_NAME)";
				SKIP_INSTALL = YES;
				WRAPPER_EXTENSION = bundle;
			};
			name = Debug;
		};
		D8592F441EE3A4FE00FA4C9A /* Release */ = {
			isa = XCBuildConfiguration;
			buildSettings = {
				COMBINE_HIDPI_IMAGES = YES;
				INFOPLIST_FILE = tinyfiledialogs/Info.plist;
				INSTALL_PATH = "$(LOCAL_LIBRARY_DIR)/Bundles";
				PRODUCT_BUNDLE_IDENTIFIER = com.gradientspace.tinyfiledialogs;
				PRODUCT_NAME = "$(TARGET_NAME)";
				SKIP_INSTALL = YES;
				WRAPPER_EXTENSION = bundle;
			};
			name = Release;
		};
/* End XCBuildConfiguration section */

/* Begin XCConfigurationList section */
		D8592F251EE3999800FA4C9A /* Build configuration list for PBXProject "UnityPlatformTools" */ = {
			isa = XCConfigurationList;
			buildConfigurations = (
				D8592F2C1EE3999900FA4C9A /* Debug */,
				D8592F2D1EE3999900FA4C9A /* Release */,
			);
			defaultConfigurationIsVisible = 0;
			defaultConfigurationName = Release;
		};
		D8592F421EE3A4FE00FA4C9A /* Build configuration list for PBXNativeTarget "tinyfiledialogs" */ = {
			isa = XCConfigurationList;
			buildConfigurations = (
				D8592F431EE3A4FE00FA4C9A /* Debug */,
				D8592F441EE3A4FE00FA4C9A /* Release */,
			);
			defaultConfigurationIsVisible = 0;
		};
/* End XCConfigurationList section */
	};
	rootObject = D8592F221EE3999800FA4C9A /* Project object */;
}
